
Microsoft Visual Studio Solution File, Format Version 12.00
# Visual Studio Version 17
VisualStudioVersion = 17.9.34902.65
MinimumVisualStudioVersion = 10.0.40219.1
Project("{FAE04EC0-301F-11D3-BF4B-00C04F79EFBC}") = "ChatAppBlazor", "ChatAppBlazor.csproj", "{62CA70D7-751C-42FE-B4C2-351DEB74CC96}"
EndProject
Global
	GlobalSection(SolutionConfigurationPlatforms) = preSolution
		Debug|Any CPU = Debug|Any CPU
		Release|Any CPU = Release|Any CPU
	EndGlobalSection
	GlobalSection(ProjectConfigurationPlatforms) = postSolution
		{62CA70D7-751C-42FE-B4C2-351DEB74CC96}.Debug|Any CPU.ActiveCfg = Debug|Any CPU
		{62CA70D7-751C-42FE-B4C2-351DEB74CC96}.Debug|Any CPU.Build.0 = Debug|Any CPU
		{62CA70D7-751C-42FE-B4C2-351DEB74CC96}.Release|Any CPU.ActiveCfg = Release|Any CPU
		{62CA70D7-751C-42FE-B4C2-351DEB74CC96}.Release|Any CPU.Build.0 = Release|Any CPU
	EndGlobalSection
	GlobalSection(SolutionProperties) = preSolution
		HideSolutionNode = FALSE
	EndGlobalSection
	GlobalSection(ExtensibilityGlobals) = postSolution
		SolutionGuid = {C5C44696-D073-4E12-B0BB-0E490FE3E8A6}
	EndGlobalSection
EndGlobal
